
Microsoft Visual Studio Solution File, Format Version 12.00
# Visual Studio Version 16
VisualStudioVersion = 16.0.30128.74
MinimumVisualStudioVersion = 10.0.40219.1
Project("{9A19103F-16F7-4668-BE54-9A1E7A4F7556}") = "Inventory.Service.Api", "Inventory.Service.Api\Inventory.Service.Api.csproj", "{3CB7FCC8-20BE-4A6F-9D81-26150C0DE57B}"
EndProject
Project("{9A19103F-16F7-4668-BE54-9A1E7A4F7556}") = "Inventory.Service.Domain", "Inventory.Service.Domain\Inventory.Service.Domain.csproj", "{F04BDD2C-A576-4B1B-B901-7F243AD60DCA}"
EndProject
Project("{FAE04EC0-301F-11D3-BF4B-00C04F79EFBC}") = "InventoryServices.Tes", "InventoryServices.Tes\InventoryServices.Tes.csproj", "{B0A2BCA2-5F39-42E9-8875-E1C4C34046A3}"
EndProject
Global
	GlobalSection(SolutionConfigurationPlatforms) = preSolution
		Debug|Any CPU = Debug|Any CPU
		Release|Any CPU = Release|Any CPU
	EndGlobalSection
	GlobalSection(ProjectConfigurationPlatforms) = postSolution
		{3CB7FCC8-20BE-4A6F-9D81-26150C0DE57B}.Debug|Any CPU.ActiveCfg = Debug|Any CPU
		{3CB7FCC8-20BE-4A6F-9D81-26150C0DE57B}.Debug|Any CPU.Build.0 = Debug|Any CPU
		{3CB7FCC8-20BE-4A6F-9D81-26150C0DE57B}.Release|Any CPU.ActiveCfg = Release|Any CPU
		{3CB7FCC8-20BE-4A6F-9D81-26150C0DE57B}.Release|Any CPU.Build.0 = Release|Any CPU
		{F04BDD2C-A576-4B1B-B901-7F243AD60DCA}.Debug|Any CPU.ActiveCfg = Debug|Any CPU
		{F04BDD2C-A576-4B1B-B901-7F243AD60DCA}.Debug|Any CPU.Build.0 = Debug|Any CPU
		{F04BDD2C-A576-4B1B-B901-7F243AD60DCA}.Release|Any CPU.ActiveCfg = Release|Any CPU
		{F04BDD2C-A576-4B1B-B901-7F243AD60DCA}.Release|Any CPU.Build.0 = Release|Any CPU
		{B0A2BCA2-5F39-42E9-8875-E1C4C34046A3}.Debug|Any CPU.ActiveCfg = Debug|Any CPU
		{B0A2BCA2-5F39-42E9-8875-E1C4C34046A3}.Debug|Any CPU.Build.0 = Debug|Any CPU
		{B0A2BCA2-5F39-42E9-8875-E1C4C34046A3}.Release|Any CPU.ActiveCfg = Release|Any CPU
		{B0A2BCA2-5F39-42E9-8875-E1C4C34046A3}.Release|Any CPU.Build.0 = Release|Any CPU
	EndGlobalSection
	GlobalSection(SolutionProperties) = preSolution
		HideSolutionNode = FALSE
	EndGlobalSection
	GlobalSection(ExtensibilityGlobals) = postSolution
		SolutionGuid = {E7D9E340-05AB-4876-94B0-6C3918EED36A}
	EndGlobalSection
EndGlobal
