
Microsoft Visual Studio Solution File, Format Version 12.00
# Visual Studio Version 16
VisualStudioVersion = 16.0.30128.74
MinimumVisualStudioVersion = 10.0.40219.1
Project("{9A19103F-16F7-4668-BE54-9A1E7A4F7556}") = "Inventory.Service.Api", "Inventory.Service.Api.csproj", "{17D6AFAE-ADF5-408B-9D59-2E652D672FF0}"
EndProject
Global
	GlobalSection(SolutionConfigurationPlatforms) = preSolution
		Debug|Any CPU = Debug|Any CPU
		Release|Any CPU = Release|Any CPU
	EndGlobalSection
	GlobalSection(ProjectConfigurationPlatforms) = postSolution
		{17D6AFAE-ADF5-408B-9D59-2E652D672FF0}.Debug|Any CPU.ActiveCfg = Debug|Any CPU
		{17D6AFAE-ADF5-408B-9D59-2E652D672FF0}.Debug|Any CPU.Build.0 = Debug|Any CPU
		{17D6AFAE-ADF5-408B-9D59-2E652D672FF0}.Release|Any CPU.ActiveCfg = Release|Any CPU
		{17D6AFAE-ADF5-408B-9D59-2E652D672FF0}.Release|Any CPU.Build.0 = Release|Any CPU
	EndGlobalSection
	GlobalSection(SolutionProperties) = preSolution
		HideSolutionNode = FALSE
	EndGlobalSection
	GlobalSection(ExtensibilityGlobals) = postSolution
		SolutionGuid = {6506972E-8112-45DC-9162-E4C7C64F11D3}
	EndGlobalSection
EndGlobal
